// !$*UTF8*$!
{
	archiveVersion = 1;
	classes = {
	};
	objectVersion = 77;
	objects = {

/* Begin PBXContainerItemProxy section */
		8BAA8C0E2FD8BB0C006C0D80 /* PBXContainerItemProxy */ = {
			isa = PBXContainerItemProxy;
			containerPortal = 8BAA8BF62FD8BB0B006C0D80 /* Project object */;
			proxyType = 1;
			remoteGlobalIDString = 8BAA8BFD2FD8BB0B006C0D80;
			remoteInfo = CodingBuddy;
		};
		8BAA8C182FD8BB0C006C0D80 /* PBXContainerItemProxy */ = {
			isa = PBXContainerItemProxy;
			containerPortal = 8BAA8BF62FD8BB0B006C0D80 /* Project object */;
			proxyType = 1;
			remoteGlobalIDString = 8BAA8BFD2FD8BB0B006C0D80;
			remoteInfo = CodingBuddy;
		};
/* End PBXContainerItemProxy section */

/* Begin PBXFileReference section */
		8BAA8BFE2FD8BB0B006C0D80 /* CodingBuddy.app */ = {isa = PBXFileReference; explicitFileType = wrapper.application; includeInIndex = 0; path = CodingBuddy.app; sourceTree = BUILT_PRODUCTS_DIR; };
		8BAA8C0D2FD8BB0C006C0D80 /* CodingBuddyTests.xctest */ = {isa = PBXFileReference; explicitFileType = wrapper.cfbundle; includeInIndex = 0; path = CodingBuddyTests.xctest; sourceTree = BUILT_PRODUCTS_DIR; };
		8BAA8C172FD8BB0C006C0D80 /* CodingBuddyUITests.xctest */ = {isa = PBXFileReference; explicitFileType = wrapper.cfbundle; includeInIndex = 0; path = CodingBuddyUITests.xctest; sourceTree = BUILT_PRODUCTS_DIR; };
		8BAACF0000000000000000C1 /* Version.xcconfig */ = {isa = PBXFileReference; lastKnownFileType = text.xcconfig; name = Version.xcconfig; path = Configs/Version.xcconfig; sourceTree = "<group>"; };
/* End PBXFileReference section */

/* Begin PBXFileSystemSynchronizedRootGroup section */
		8BAA8C002FD8BB0B006C0D80 /* CodingBuddy */ = {
			isa = PBXFileSystemSynchronizedRootGroup;
			path = CodingBuddy;
			sourceTree = "<group>";
		};
		8BAA8C102FD8BB0C006C0D80 /* CodingBuddyTests */ = {
			isa = PBXFileSystemSynchronizedRootGroup;
			path = CodingBuddyTests;
			sourceTree = "<group>";
		};
		8BAA8C1A2FD8BB0C006C0D80 /* CodingBuddyUITests */ = {
			isa = PBXFileSystemSynchronizedRootGroup;
			path = CodingBuddyUITests;
			sourceTree = "<group>";
		};
/* End PBXFileSystemSynchronizedRootGroup section */

/* Begin PBXFrameworksBuildPhase section */
		8BAA8BFB2FD8BB0B006C0D80 /* Frameworks */ = {
			isa = PBXFrameworksBuildPhase;
			buildActionMask = 2147483647;
			files = (
			);
			runOnlyForDeploymentPostprocessing = 0;
		};
		8BAA8C0A2FD8BB0C006C0D80 /* Frameworks */ = {
			isa = PBXFrameworksBuildPhase;
			buildActionMask = 2147483647;
			files = (
			);
			runOnlyForDeploymentPostprocessing = 0;
		};
		8BAA8C142FD8BB0C006C0D80 /* Frameworks */ = {
			isa = PBXFrameworksBuildPhase;
			buildActionMask = 2147483647;
			files = (
			);
			runOnlyForDeploymentPostprocessing = 0;
		};
/* End PBXFrameworksBuildPhase section */

/* Begin PBXGroup section */
		8BAA8BF52FD8BB0B006C0D80 = {
			isa = PBXGroup;
			children = (
				8BAACF0000000000000000C1 /* Version.xcconfig */,
				8BAA8C002FD8BB0B006C0D80 /* CodingBuddy */,
				8BAA8C102FD8BB0C006C0D80 /* CodingBuddyTests */,
				8BAA8C1A2FD8BB0C006C0D80 /* CodingBuddyUITests */,
				8BAA8BFF2FD8BB0B006C0D80 /* Products */,
			);
			sourceTree = "<group>";
		};
		8BAA8BFF2FD8BB0B006C0D80 /* Products */ = {
			isa = PBXGroup;
			children = (
				8BAA8BFE2FD8BB0B006C0D80 /* CodingBuddy.app */,
				8BAA8C0D2FD8BB0C006C0D80 /* CodingBuddyTests.xctest */,
				8BAA8C172FD8BB0C006C0D80 /* CodingBuddyUITests.xctest */,
			);
			name = Products;
			sourceTree = "<group>";
		};
/* End PBXGroup section */

/* Begin PBXNativeTarget section */
		8BAA8BFD2FD8BB0B006C0D80 /* CodingBuddy */ = {
			isa = PBXNativeTarget;
			buildConfigurationList = 8BAA8C212FD8BB0C006C0D80 /* Build configuration list for PBXNativeTarget "CodingBuddy" */;
			buildPhases = (
				8BAA8BFA2FD8BB0B006C0D80 /* Sources */,
				8BAA8BFB2FD8BB0B006C0D80 /* Frameworks */,
				8BAA8BFC2FD8BB0B006C0D80 /* Resources */,
			);
			buildRules = (
			);
			dependencies = (
			);
			fileSystemSynchronizedGroups = (
				8BAA8C002FD8BB0B006C0D80 /* CodingBuddy */,
			);
			name = CodingBuddy;
			packageProductDependencies = (
			);
			productName = CodingBuddy;
			productReference = 8BAA8BFE2FD8BB0B006C0D80 /* CodingBuddy.app */;
			productType = "com.apple.product-type.application";
		};
		8BAA8C0C2FD8BB0C006C0D80 /* CodingBuddyTests */ = {
			isa = PBXNativeTarget;
			buildConfigurationList = 8BAA8C242FD8BB0C006C0D80 /* Build configuration list for PBXNativeTarget "CodingBuddyTests" */;
			buildPhases = (
				8BAA8C092FD8BB0C006C0D80 /* Sources */,
				8BAA8C0A2FD8BB0C006C0D80 /* Frameworks */,
				8BAA8C0B2FD8BB0C006C0D80 /* Resources */,
			);
			buildRules = (
			);
			dependencies = (
				8BAA8C0F2FD8BB0C006C0D80 /* PBXTargetDependency */,
			);
			fileSystemSynchronizedGroups = (
				8BAA8C102FD8BB0C006C0D80 /* CodingBuddyTests */,
			);
			name = CodingBuddyTests;
			packageProductDependencies = (
			);
			productName = CodingBuddyTests;
			productReference = 8BAA8C0D2FD8BB0C006C0D80 /* CodingBuddyTests.xctest */;
			productType = "com.apple.product-type.bundle.unit-test";
		};
		8BAA8C162FD8BB0C006C0D80 /* CodingBuddyUITests */ = {
			isa = PBXNativeTarget;
			buildConfigurationList = 8BAA8C272FD8BB0C006C0D80 /* Build configuration list for PBXNativeTarget "CodingBuddyUITests" */;
			buildPhases = (
				8BAA8C132FD8BB0C006C0D80 /* Sources */,
				8BAA8C142FD8BB0C006C0D80 /* Frameworks */,
				8BAA8C152FD8BB0C006C0D80 /* Resources */,
			);
			buildRules = (
			);
			dependencies = (
				8BAA8C192FD8BB0C006C0D80 /* PBXTargetDependency */,
			);
			fileSystemSynchronizedGroups = (
				8BAA8C1A2FD8BB0C006C0D80 /* CodingBuddyUITests */,
			);
			name = CodingBuddyUITests;
			packageProductDependencies = (
			);
			productName = CodingBuddyUITests;
			productReference = 8BAA8C172FD8BB0C006C0D80 /* CodingBuddyUITests.xctest */;
			productType = "com.apple.product-type.bundle.ui-testing";
		};
/* End PBXNativeTarget section */

/* Begin PBXProject section */
		8BAA8BF62FD8BB0B006C0D80 /* Project object */ = {
			isa = PBXProject;
			attributes = {
				BuildIndependentTargetsInParallel = 1;
				LastSwiftUpdateCheck = 2650;
				LastUpgradeCheck = 2650;
				TargetAttributes = {
					8BAA8BFD2FD8BB0B006C0D80 = {
						CreatedOnToolsVersion = 26.5;
					};
					8BAA8C0C2FD8BB0C006C0D80 = {
						CreatedOnToolsVersion = 26.5;
						TestTargetID = 8BAA8BFD2FD8BB0B006C0D80;
					};
					8BAA8C162FD8BB0C006C0D80 = {
						CreatedOnToolsVersion = 26.5;
						TestTargetID = 8BAA8BFD2FD8BB0B006C0D80;
					};
				};
			};
			buildConfigurationList = 8BAA8BF92FD8BB0B006C0D80 /* Build configuration list for PBXProject "CodingBuddy" */;
			developmentRegion = en;
			hasScannedForEncodings = 0;
			knownRegions = (
				en,
				de,
				Base,
			);
			mainGroup = 8BAA8BF52FD8BB0B006C0D80;
			minimizedProjectReferenceProxies = 1;
			preferredProjectObjectVersion = 77;
			productRefGroup = 8BAA8BFF2FD8BB0B006C0D80 /* Products */;
			projectDirPath = "";
			projectRoot = "";
			targets = (
				8BAA8BFD2FD8BB0B006C0D80 /* CodingBuddy */,
				8BAA8C0C2FD8BB0C006C0D80 /* CodingBuddyTests */,
				8BAA8C162FD8BB0C006C0D80 /* CodingBuddyUITests */,
			);
		};
/* End PBXProject section */

/* Begin PBXResourcesBuildPhase section */
		8BAA8BFC2FD8BB0B006C0D80 /* Resources */ = {
			isa = PBXResourcesBuildPhase;
			buildActionMask = 2147483647;
			files = (
			);
			runOnlyForDeploymentPostprocessing = 0;
		};
		8BAA8C0B2FD8BB0C006C0D80 /* Resources */ = {
			isa = PBXResourcesBuildPhase;
			buildActionMask = 2147483647;
			files = (
			);
			runOnlyForDeploymentPostprocessing = 0;
		};
		8BAA8C152FD8BB0C006C0D80 /* Resources */ = {
			isa = PBXResourcesBuildPhase;
			buildActionMask = 2147483647;
			files = (
			);
			runOnlyForDeploymentPostprocessing = 0;
		};
/* End PBXResourcesBuildPhase section */

/* Begin PBXSourcesBuildPhase section */
		8BAA8BFA2FD8BB0B006C0D80 /* Sources */ = {
			isa = PBXSourcesBuildPhase;
			buildActionMask = 2147483647;
			files = (
			);
			runOnlyForDeploymentPostprocessing = 0;
		};
		8BAA8C092FD8BB0C006C0D80 /* Sources */ = {
			isa = PBXSourcesBuildPhase;
			buildActionMask = 2147483647;
			files = (
			);
			runOnlyForDeploymentPostprocessing = 0;
		};
		8BAA8C132FD8BB0C006C0D80 /* Sources */ = {
			isa = PBXSourcesBuildPhase;
			buildActionMask = 2147483647;
			files = (
			);
			runOnlyForDeploymentPostprocessing = 0;
		};
/* End PBXSourcesBuildPhase section */

/* Begin PBXTargetDependency section */
		8BAA8C0F2FD8BB0C006C0D80 /* PBXTargetDependency */ = {
			isa = PBXTargetDependency;
			target = 8BAA8BFD2FD8BB0B006C0D80 /* CodingBuddy */;
			targetProxy = 8BAA8C0E2FD8BB0C006C0D80 /* PBXContainerItemProxy */;
		};
		8BAA8C192FD8BB0C006C0D80 /* PBXTargetDependency */ = {
			isa = PBXTargetDependency;
			target = 8BAA8BFD2FD8BB0B006C0D80 /* CodingBuddy */;
			targetProxy = 8BAA8C182FD8BB0C006C0D80 /* PBXContainerItemProxy */;
		};
/* End PBXTargetDependency section */

/* Begin XCBuildConfiguration section */
		8BAA8C1F2FD8BB0C006C0D80 /* Debug */ = {
			isa = XCBuildConfiguration;
			buildSettings = {
				ALWAYS_SEARCH_USER_PATHS = NO;
				ASSETCATALOG_COMPILER_GENERATE_SWIFT_ASSET_SYMBOL_EXTENSIONS = YES;
				CLANG_ANALYZER_NONNULL = YES;
				CLANG_ANALYZER_NUMBER_OBJECT_CONVERSION = YES_AGGRESSIVE;
				CLANG_CXX_LANGUAGE_STANDARD = "gnu++20";
				CLANG_ENABLE_MODULES = YES;
				CLANG_ENABLE_OBJC_ARC = YES;
				CLANG_ENABLE_OBJC_WEAK = YES;
				CLANG_WARN_BLOCK_CAPTURE_AUTORELEASING = YES;
				CLANG_WARN_BOOL_CONVERSION = YES;
				CLANG_WARN_COMMA = YES;
				CLANG_WARN_CONSTANT_CONVERSION = YES;
				CLANG_WARN_DEPRECATED_OBJC_IMPLEMENTATIONS = YES;
				CLANG_WARN_DIRECT_OBJC_ISA_USAGE = YES_ERROR;
				CLANG_WARN_DOCUMENTATION_COMMENTS = YES;
				CLANG_WARN_EMPTY_BODY = YES;
				CLANG_WARN_ENUM_CONVERSION = YES;
				CLANG_WARN_INFINITE_RECURSION = YES;
				CLANG_WARN_INT_CONVERSION = YES;
				CLANG_WARN_NON_LITERAL_NULL_CONVERSION = YES;
				CLANG_WARN_OBJC_IMPLICIT_RETAIN_SELF = YES;
				CLANG_WARN_OBJC_LITERAL_CONVERSION = YES;
				CLANG_WARN_OBJC_ROOT_CLASS = YES_ERROR;
				CLANG_WARN_QUOTED_INCLUDE_IN_FRAMEWORK_HEADER = YES;
				CLANG_WARN_RANGE_LOOP_ANALYSIS = YES;
				CLANG_WARN_STRICT_PROTOTYPES = YES;
				CLANG_WARN_SUSPICIOUS_MOVE = YES;
				CLANG_WARN_UNGUARDED_AVAILABILITY = YES_AGGRESSIVE;
				CLANG_WARN_UNREACHABLE_CODE = YES;
				CLANG_WARN__DUPLICATE_METHOD_MATCH = YES;
				COPY_PHASE_STRIP = NO;
				DEBUG_INFORMATION_FORMAT = dwarf;
				DEVELOPMENT_TEAM = ZQFH89GBAC;
				ENABLE_STRICT_OBJC_MSGSEND = YES;
				ENABLE_TESTABILITY = YES;
				ENABLE_USER_SCRIPT_SANDBOXING = YES;
				GCC_C_LANGUAGE_STANDARD = gnu17;
				GCC_DYNAMIC_NO_PIC = NO;
				GCC_NO_COMMON_BLOCKS = YES;
				GCC_OPTIMIZATION_LEVEL = 0;
				GCC_PREPROCESSOR_DEFINITIONS = (
					"DEBUG=1",
					"$(inherited)",
				);
				GCC_WARN_64_TO_32_BIT_CONVERSION = YES;
				GCC_WARN_ABOUT_RETURN_TYPE = YES_ERROR;
				GCC_WARN_UNDECLARED_SELECTOR = YES;
				GCC_WARN_UNINITIALIZED_AUTOS = YES_AGGRESSIVE;
				GCC_WARN_UNUSED_FUNCTION = YES;
				GCC_WARN_UNUSED_VARIABLE = YES;
				LOCALIZATION_PREFERS_STRING_CATALOGS = YES;
				MACOSX_DEPLOYMENT_TARGET = 26.2;
				MTL_ENABLE_DEBUG_INFO = INCLUDE_SOURCE;
				MTL_FAST_MATH = YES;
				ONLY_ACTIVE_ARCH = YES;
				SDKROOT = macosx;
				SWIFT_ACTIVE_COMPILATION_CONDITIONS = "DEBUG $(inherited)";
				SWIFT_OPTIMIZATION_LEVEL = "-Onone";
			};
			name = Debug;
		};
		8BAA8C202FD8BB0C006C0D80 /* Release */ = {
			isa = XCBuildConfiguration;
			buildSettings = {
				ALWAYS_SEARCH_USER_PATHS = NO;
				ASSETCATALOG_COMPILER_GENERATE_SWIFT_ASSET_SYMBOL_EXTENSIONS = YES;
				CLANG_ANALYZER_NONNULL = YES;
				CLANG_ANALYZER_NUMBER_OBJECT_CONVERSION = YES_AGGRESSIVE;
				CLANG_CXX_LANGUAGE_STANDARD = "gnu++20";
				CLANG_ENABLE_MODULES = YES;
				CLANG_ENABLE_OBJC_ARC = YES;
				CLANG_ENABLE_OBJC_WEAK = YES;
				CLANG_WARN_BLOCK_CAPTURE_AUTORELEASING = YES;
				CLANG_WARN_BOOL_CONVERSION = YES;
				CLANG_WARN_COMMA = YES;
				CLANG_WARN_CONSTANT_CONVERSION = YES;
				CLANG_WARN_DEPRECATED_OBJC_IMPLEMENTATIONS = YES;
				CLANG_WARN_DIRECT_OBJC_ISA_USAGE = YES_ERROR;
				CLANG_WARN_DOCUMENTATION_COMMENTS = YES;
				CLANG_WARN_EMPTY_BODY = YES;
				CLANG_WARN_ENUM_CONVERSION = YES;
				CLANG_WARN_INFINITE_RECURSION = YES;
				CLANG_WARN_INT_CONVERSION = YES;
				CLANG_WARN_NON_LITERAL_NULL_CONVERSION = YES;
				CLANG_WARN_OBJC_IMPLICIT_RETAIN_SELF = YES;
				CLANG_WARN_OBJC_LITERAL_CONVERSION = YES;
				CLANG_WARN_OBJC_ROOT_CLASS = YES_ERROR;
				CLANG_WARN_QUOTED_INCLUDE_IN_FRAMEWORK_HEADER = YES;
				CLANG_WARN_RANGE_LOOP_ANALYSIS = YES;
				CLANG_WARN_STRICT_PROTOTYPES = YES;
				CLANG_WARN_SUSPICIOUS_MOVE = YES;
				CLANG_WARN_UNGUARDED_AVAILABILITY = YES_AGGRESSIVE;
				CLANG_WARN_UNREACHABLE_CODE = YES;
				CLANG_WARN__DUPLICATE_METHOD_MATCH = YES;
				COPY_PHASE_STRIP = NO;
				DEBUG_INFORMATION_FORMAT = "dwarf-with-dsym";
				DEVELOPMENT_TEAM = ZQFH89GBAC;
				ENABLE_NS_ASSERTIONS = NO;
				ENABLE_STRICT_OBJC_MSGSEND = YES;
				ENABLE_USER_SCRIPT_SANDBOXING = YES;
				GCC_C_LANGUAGE_STANDARD = gnu17;
				GCC_NO_COMMON_BLOCKS = YES;
				GCC_WARN_64_TO_32_BIT_CONVERSION = YES;
				GCC_WARN_ABOUT_RETURN_TYPE = YES_ERROR;
				GCC_WARN_UNDECLARED_SELECTOR = YES;
				GCC_WARN_UNINITIALIZED_AUTOS = YES_AGGRESSIVE;
				GCC_WARN_UNUSED_FUNCTION = YES;
				GCC_WARN_UNUSED_VARIABLE = YES;
				LOCALIZATION_PREFERS_STRING_CATALOGS = YES;
				MACOSX_DEPLOYMENT_TARGET = 26.2;
				MTL_ENABLE_DEBUG_INFO = NO;
				MTL_FAST_MATH = YES;
				SDKROOT = macosx;
				SWIFT_COMPILATION_MODE = wholemodule;
			};
			name = Release;
		};
		8BAA8C222FD8BB0C006C0D80 /* Debug */ = {
			isa = XCBuildConfiguration;
			baseConfigurationReference = 8BAACF0000000000000000C1 /* Version.xcconfig */;
			buildSettings = {
				ASSETCATALOG_COMPILER_APPICON_NAME = AppIcon;
				ASSETCATALOG_COMPILER_GLOBAL_ACCENT_COLOR_NAME = AccentColor;
				CODE_SIGN_STYLE = Automatic;
				COMBINE_HIDPI_IMAGES = YES;
				CURRENT_PROJECT_VERSION = 1;
				DEVELOPMENT_TEAM = ZQFH89GBAC;
				ENABLE_APP_SANDBOX = NO;
				ENABLE_HARDENED_RUNTIME = YES;
				ENABLE_PREVIEWS = YES;
				GENERATE_INFOPLIST_FILE = YES;
				INFOPLIST_KEY_CodingBuddyGitHubAppClientID = "$(CODINGBUDDY_GITHUB_APP_CLIENT_ID)";
				INFOPLIST_KEY_NSHumanReadableCopyright = "";
				LD_RUNPATH_SEARCH_PATHS = (
					"$(inherited)",
					"@executable_path/../Frameworks",
				);
				PRODUCT_BUNDLE_IDENTIFIER = apps3k.CodingBuddy;
				PRODUCT_NAME = "$(TARGET_NAME)";
				REGISTER_APP_GROUPS = YES;
				STRING_CATALOG_GENERATE_SYMBOLS = YES;
				SWIFT_APPROACHABLE_CONCURRENCY = YES;
				SWIFT_DEFAULT_ACTOR_ISOLATION = MainActor;
				SWIFT_EMIT_LOC_STRINGS = YES;
				SWIFT_UPCOMING_FEATURE_MEMBER_IMPORT_VISIBILITY = YES;
				SWIFT_VERSION = 5.0;
			};
			name = Debug;
		};
		8BAA8C232FD8BB0C006C0D80 /* Release */ = {
			isa = XCBuildConfiguration;
			baseConfigurationReference = 8BAACF0000000000000000C1 /* Version.xcconfig */;
			buildSettings = {
				ASSETCATALOG_COMPILER_APPICON_NAME = AppIcon;
				ASSETCATALOG_COMPILER_GLOBAL_ACCENT_COLOR_NAME = AccentColor;
				CODE_SIGN_STYLE = Automatic;
				COMBINE_HIDPI_IMAGES = YES;
				CURRENT_PROJECT_VERSION = 1;
				DEVELOPMENT_TEAM = ZQFH89GBAC;
				ENABLE_APP_SANDBOX = NO;
				ENABLE_HARDENED_RUNTIME = YES;
				ENABLE_PREVIEWS = YES;
				GENERATE_INFOPLIST_FILE = YES;
				INFOPLIST_KEY_CodingBuddyGitHubAppClientID = "$(CODINGBUDDY_GITHUB_APP_CLIENT_ID)";
				INFOPLIST_KEY_NSHumanReadableCopyright = "";
				LD_RUNPATH_SEARCH_PATHS = (
					"$(inherited)",
					"@executable_path/../Frameworks",
				);
				PRODUCT_BUNDLE_IDENTIFIER = apps3k.CodingBuddy;
				PRODUCT_NAME = "$(TARGET_NAME)";
				REGISTER_APP_GROUPS = YES;
				STRING_CATALOG_GENERATE_SYMBOLS = YES;
				SWIFT_APPROACHABLE_CONCURRENCY = YES;
				SWIFT_DEFAULT_ACTOR_ISOLATION = MainActor;
				SWIFT_EMIT_LOC_STRINGS = YES;
				SWIFT_UPCOMING_FEATURE_MEMBER_IMPORT_VISIBILITY = YES;
				SWIFT_VERSION = 5.0;
			};
			name = Release;
		};
		8BAA8C252FD8BB0C006C0D80 /* Debug */ = {
			isa = XCBuildConfiguration;
			buildSettings = {
				BUNDLE_LOADER = "$(TEST_HOST)";
				CODE_SIGN_STYLE = Automatic;
				CURRENT_PROJECT_VERSION = 1;
				DEVELOPMENT_TEAM = ZQFH89GBAC;
				GENERATE_INFOPLIST_FILE = YES;
				MACOSX_DEPLOYMENT_TARGET = 26.2;
				MARKETING_VERSION = 1.0;
				PRODUCT_BUNDLE_IDENTIFIER = apps3k.CodingBuddyTests;
				PRODUCT_NAME = "$(TARGET_NAME)";
				STRING_CATALOG_GENERATE_SYMBOLS = NO;
				SWIFT_APPROACHABLE_CONCURRENCY = YES;
				SWIFT_EMIT_LOC_STRINGS = NO;
				SWIFT_UPCOMING_FEATURE_MEMBER_IMPORT_VISIBILITY = YES;
				SWIFT_VERSION = 5.0;
				TEST_HOST = "$(BUILT_PRODUCTS_DIR)/CodingBuddy.app/$(BUNDLE_EXECUTABLE_FOLDER_PATH)/CodingBuddy";
			};
			name = Debug;
		};
		8BAA8C262FD8BB0C006C0D80 /* Release */ = {
			isa = XCBuildConfiguration;
			buildSettings = {
				BUNDLE_LOADER = "$(TEST_HOST)";
				CODE_SIGN_STYLE = Automatic;
				CURRENT_PROJECT_VERSION = 1;
				DEVELOPMENT_TEAM = ZQFH89GBAC;
				GENERATE_INFOPLIST_FILE = YES;
				MACOSX_DEPLOYMENT_TARGET = 26.2;
				MARKETING_VERSION = 1.0;
				PRODUCT_BUNDLE_IDENTIFIER = apps3k.CodingBuddyTests;
				PRODUCT_NAME = "$(TARGET_NAME)";
				STRING_CATALOG_GENERATE_SYMBOLS = NO;
				SWIFT_APPROACHABLE_CONCURRENCY = YES;
				SWIFT_EMIT_LOC_STRINGS = NO;
				SWIFT_UPCOMING_FEATURE_MEMBER_IMPORT_VISIBILITY = YES;
				SWIFT_VERSION = 5.0;
				TEST_HOST = "$(BUILT_PRODUCTS_DIR)/CodingBuddy.app/$(BUNDLE_EXECUTABLE_FOLDER_PATH)/CodingBuddy";
			};
			name = Release;
		};
		8BAA8C282FD8BB0C006C0D80 /* Debug */ = {
			isa = XCBuildConfiguration;
			buildSettings = {
				CODE_SIGN_STYLE = Automatic;
				CURRENT_PROJECT_VERSION = 1;
				DEVELOPMENT_TEAM = ZQFH89GBAC;
				GENERATE_INFOPLIST_FILE = YES;
				MARKETING_VERSION = 1.0;
				PRODUCT_BUNDLE_IDENTIFIER = apps3k.CodingBuddyUITests;
				PRODUCT_NAME = "$(TARGET_NAME)";
				STRING_CATALOG_GENERATE_SYMBOLS = NO;
				SWIFT_APPROACHABLE_CONCURRENCY = YES;
				SWIFT_EMIT_LOC_STRINGS = NO;
				SWIFT_UPCOMING_FEATURE_MEMBER_IMPORT_VISIBILITY = YES;
				SWIFT_VERSION = 5.0;
				TEST_TARGET_NAME = CodingBuddy;
			};
			name = Debug;
		};
		8BAA8C292FD8BB0C006C0D80 /* Release */ = {
			isa = XCBuildConfiguration;
			buildSettings = {
				CODE_SIGN_STYLE = Automatic;
				CURRENT_PROJECT_VERSION = 1;
				DEVELOPMENT_TEAM = ZQFH89GBAC;
				GENERATE_INFOPLIST_FILE = YES;
				MARKETING_VERSION = 1.0;
				PRODUCT_BUNDLE_IDENTIFIER = apps3k.CodingBuddyUITests;
				PRODUCT_NAME = "$(TARGET_NAME)";
				STRING_CATALOG_GENERATE_SYMBOLS = NO;
				SWIFT_APPROACHABLE_CONCURRENCY = YES;
				SWIFT_EMIT_LOC_STRINGS = NO;
				SWIFT_UPCOMING_FEATURE_MEMBER_IMPORT_VISIBILITY = YES;
				SWIFT_VERSION = 5.0;
				TEST_TARGET_NAME = CodingBuddy;
			};
			name = Release;
		};
/* End XCBuildConfiguration section */

/* Begin XCConfigurationList section */
		8BAA8BF92FD8BB0B006C0D80 /* Build configuration list for PBXProject "CodingBuddy" */ = {
			isa = XCConfigurationList;
			buildConfigurations = (
				8BAA8C1F2FD8BB0C006C0D80 /* Debug */,
				8BAA8C202FD8BB0C006C0D80 /* Release */,
			);
			defaultConfigurationIsVisible = 0;
			defaultConfigurationName = Release;
		};
		8BAA8C212FD8BB0C006C0D80 /* Build configuration list for PBXNativeTarget "CodingBuddy" */ = {
			isa = XCConfigurationList;
			buildConfigurations = (
				8BAA8C222FD8BB0C006C0D80 /* Debug */,
				8BAA8C232FD8BB0C006C0D80 /* Release */,
			);
			defaultConfigurationIsVisible = 0;
			defaultConfigurationName = Release;
		};
		8BAA8C242FD8BB0C006C0D80 /* Build configuration list for PBXNativeTarget "CodingBuddyTests" */ = {
			isa = XCConfigurationList;
			buildConfigurations = (
				8BAA8C252FD8BB0C006C0D80 /* Debug */,
				8BAA8C262FD8BB0C006C0D80 /* Release */,
			);
			defaultConfigurationIsVisible = 0;
			defaultConfigurationName = Release;
		};
		8BAA8C272FD8BB0C006C0D80 /* Build configuration list for PBXNativeTarget "CodingBuddyUITests" */ = {
			isa = XCConfigurationList;
			buildConfigurations = (
				8BAA8C282FD8BB0C006C0D80 /* Debug */,
				8BAA8C292FD8BB0C006C0D80 /* Release */,
			);
			defaultConfigurationIsVisible = 0;
			defaultConfigurationName = Release;
		};
/* End XCConfigurationList section */
	};
	rootObject = 8BAA8BF62FD8BB0B006C0D80 /* Project object */;
}
